
Microsoft Visual Studio Solution File, Format Version 12.00
# Visual Studio 15
VisualStudioVersion = 15.0.27004.2005
MinimumVisualStudioVersion = 10.0.40219.1
Project("{8BC9CEB8-8B4A-11D0-8D11-00A0C91BC942}") = "ASUMathLabG19", "ASUMathLabG19\ASUMathLabG19.vcxproj", "{A30534A2-F417-4760-99CC-964C4418767F}"
EndProject
Global
	GlobalSection(SolutionConfigurationPlatforms) = preSolution
		Debug|x64 = Debug|x64
		Debug|x86 = Debug|x86
		Release|x64 = Release|x64
		Release|x86 = Release|x86
	EndGlobalSection
	GlobalSection(ProjectConfigurationPlatforms) = postSolution
		{A30534A2-F417-4760-99CC-964C4418767F}.Debug|x64.ActiveCfg = Debug|x64
		{A30534A2-F417-4760-99CC-964C4418767F}.Debug|x64.Build.0 = Debug|x64
		{A30534A2-F417-4760-99CC-964C4418767F}.Debug|x86.ActiveCfg = Debug|Win32
		{A30534A2-F417-4760-99CC-964C4418767F}.Debug|x86.Build.0 = Debug|Win32
		{A30534A2-F417-4760-99CC-964C4418767F}.Release|x64.ActiveCfg = Release|x64
		{A30534A2-F417-4760-99CC-964C4418767F}.Release|x64.Build.0 = Release|x64
		{A30534A2-F417-4760-99CC-964C4418767F}.Release|x86.ActiveCfg = Release|Win32
		{A30534A2-F417-4760-99CC-964C4418767F}.Release|x86.Build.0 = Release|Win32
	EndGlobalSection
	GlobalSection(SolutionProperties) = preSolution
		HideSolutionNode = FALSE
	EndGlobalSection
	GlobalSection(ExtensibilityGlobals) = postSolution
		SolutionGuid = {3D39B555-094D-4ECF-A063-009B153F674F}
	EndGlobalSection
EndGlobal
